# This file is automatically @generated by Cargo.
# It is not intended for manual editing.
version = 4

[[package]]
name = "dsec-aether"
version = "0.0.1"

[[package]]
name = "dsec-apiserver"
version = "0.0.1"

[[package]]
name = "dsec-chronus"
version = "0.0.1"

[[package]]
name = "dsec-edge"
version = "0.0.1"

[[package]]
name = "dsec-iam"
version = "0.0.1"

[[package]]
name = "dsec-placement"
version = "0.0.1"

[[package]]
name = "dsec-rpc"
version = "0.0.1"

[[package]]
name = "dsec-trajlog"
version = "0.0.1"

[[package]]
name = "dsec-vmm"
version = "0.0.1"

[[package]]
name = "dsec-watcher"
version = "0.0.1"
